// !$*UTF8*$!
{
	archiveVersion = 1;
	classes = {
	};
	objectVersion = 50;
	objects = {

/* Begin PBXBuildFile section */
		FAC8F4AF2150C9FC00BBE54E /* AppDelegate.swift in Sources */ = {isa = PBXBuildFile; fileRef = FAC8F4AE2150C9FC00BBE54E /* AppDelegate.swift */; };
		FAC8F4B12150C9FC00BBE54E /* ViewController.swift in Sources */ = {isa = PBXBuildFile; fileRef = FAC8F4B02150C9FC00BBE54E /* ViewController.swift */; };
		FAC8F4B42150C9FC00BBE54E /* Main.storyboard in Resources */ = {isa = PBXBuildFile; fileRef = FAC8F4B22150C9FC00BBE54E /* Main.storyboard */; };
		FAC8F4B62150C9FD00BBE54E /* Assets.xcassets in Resources */ = {isa = PBXBuildFile; fileRef = FAC8F4B52150C9FD00BBE54E /* Assets.xcassets */; };
		FAC8F4B92150C9FD00BBE54E /* LaunchScreen.storyboard in Resources */ = {isa = PBXBuildFile; fileRef = FAC8F4B72150C9FD00BBE54E /* LaunchScreen.storyboard */; };
/* End PBXBuildFile section */

/* Begin PBXFileReference section */
		FAC8F4AB2150C9FC00BBE54E /* Carsworld.app */ = {isa = PBXFileReference; explicitFileType = wrapper.application; includeInIndex = 0; path = Carsworld.app; sourceTree = BUILT_PRODUCTS_DIR; };
		FAC8F4AE2150C9FC00BBE54E /* AppDelegate.swift */ = {isa = PBXFileReference; lastKnownFileType = sourcecode.swift; path = AppDelegate.swift; sourceTree = "<group>"; };
		FAC8F4B02150C9FC00BBE54E /* ViewController.swift */ = {isa = PBXFileReference; lastKnownFileType = sourcecode.swift; path = ViewController.swift; sourceTree = "<group>"; };
		FAC8F4B32150C9FC00BBE54E /* Base */ = {isa = PBXFileReference; lastKnownFileType = file.storyboard; name = Base; path = Base.lproj/Main.storyboard; sourceTree = "<group>"; };
		FAC8F4B52150C9FD00BBE54E /* Assets.xcassets */ = {isa = PBXFileReference; lastKnownFileType = folder.assetcatalog; path = Assets.xcassets; sourceTree = "<group>"; };
		FAC8F4B82150C9FD00BBE54E /* Base */ = {isa = PBXFileReference; lastKnownFileType = file.storyboard; name = Base; path = Base.lproj/LaunchScreen.storyboard; sourceTree = "<group>"; };
		FAC8F4BA2150C9FD00BBE54E /* Info.plist */ = {isa = PBXFileReference; lastKnownFileType = text.plist.xml; path = Info.plist; sourceTree = "<group>"; };
/* End PBXFileReference section */

/* Begin PBXFrameworksBuildPhase section */
		FAC8F4A82150C9FC00BBE54E /* Frameworks */ = {
			isa = PBXFrameworksBuildPhase;
			buildActionMask = 2147483647;
			files = (
			);
			runOnlyForDeploymentPostprocessing = 0;
		};
/* End PBXFrameworksBuildPhase section */

/* Begin PBXGroup section */
		FAC8F4A22150C9FC00BBE54E = {
			isa = PBXGroup;
			children = (
				FAC8F4AD2150C9FC00BBE54E /* Carsworld */,
				FAC8F4AC2150C9FC00BBE54E /* Products */,
			);
			sourceTree = "<group>";
		};
		FAC8F4AC2150C9FC00BBE54E /* Products */ = {
			isa = PBXGroup;
			children = (
				FAC8F4AB2150C9FC00BBE54E /* Carsworld.app */,
			);
			name = Products;
			sourceTree = "<group>";
		};
		FAC8F4AD2150C9FC00BBE54E /* Carsworld */ = {
			isa = PBXGroup;
			children = (
				FAC8F4AE2150C9FC00BBE54E /* AppDelegate.swift */,
				FAC8F4B02150C9FC00BBE54E /* ViewController.swift */,
				FAC8F4B22150C9FC00BBE54E /* Main.storyboard */,
				FAC8F4B52150C9FD00BBE54E /* Assets.xcassets */,
				FAC8F4B72150C9FD00BBE54E /* LaunchScreen.storyboard */,
				FAC8F4BA2150C9FD00BBE54E /* Info.plist */,
			);
			path = Carsworld;
			sourceTree = "<group>";
		};
/* End PBXGroup section */

/* Begin PBXNativeTarget section */
		FAC8F4AA2150C9FC00BBE54E /* Carsworld */ = {
			isa = PBXNativeTarget;
			buildConfigurationList = FAC8F4BD2150C9FD00BBE54E /* Build configuration list for PBXNativeTarget "Carsworld" */;
			buildPhases = (
				FAC8F4A72150C9FC00BBE54E /* Sources */,
				FAC8F4A82150C9FC00BBE54E /* Frameworks */,
				FAC8F4A92150C9FC00BBE54E /* Resources */,
			);
			buildRules = (
			);
			dependencies = (
			);
			name = Carsworld;
			productName = Carsworld;
			productReference = FAC8F4AB2150C9FC00BBE54E /* Carsworld.app */;
			productType = "com.apple.product-type.application";
		};
/* End PBXNativeTarget section */

/* Begin PBXProject section */
		FAC8F4A32150C9FC00BBE54E /* Project object */ = {
			isa = PBXProject;
			attributes = {
				LastSwiftUpdateCheck = 0940;
				LastUpgradeCheck = 0940;
				ORGANIZATIONNAME = "Carsworld Indonesia";
				TargetAttributes = {
					FAC8F4AA2150C9FC00BBE54E = {
						CreatedOnToolsVersion = 9.4.1;
					};
				};
			};
			buildConfigurationList = FAC8F4A62150C9FC00BBE54E /* Build configuration list for PBXProject "Carsworld" */;
			compatibilityVersion = "Xcode 9.3";
			developmentRegion = en;
			hasScannedForEncodings = 0;
			knownRegions = (
				en,
				Base,
			);
			mainGroup = FAC8F4A22150C9FC00BBE54E;
			productRefGroup = FAC8F4AC2150C9FC00BBE54E /* Products */;
			projectDirPath = "";
			projectRoot = "";
			targets = (
				FAC8F4AA2150C9FC00BBE54E /* Carsworld */,
			);
		};
/* End PBXProject section */

/* Begin PBXResourcesBuildPhase section */
		FAC8F4A92150C9FC00BBE54E /* Resources */ = {
			isa = PBXResourcesBuildPhase;
			buildActionMask = 2147483647;
			files = (
				FAC8F4B92150C9FD00BBE54E /* LaunchScreen.storyboard in Resources */,
				FAC8F4B62150C9FD00BBE54E /* Assets.xcassets in Resources */,
				FAC8F4B42150C9FC00BBE54E /* Main.storyboard in Resources */,
			);
			runOnlyForDeploymentPostprocessing = 0;
		};
/* End PBXResourcesBuildPhase section */

/* Begin PBXSourcesBuildPhase section */
		FAC8F4A72150C9FC00BBE54E /* Sources */ = {
			isa = PBXSourcesBuildPhase;
			buildActionMask = 2147483647;
			files = (
				FAC8F4B12150C9FC00BBE54E /* ViewController.swift in Sources */,
				FAC8F4AF2150C9FC00BBE54E /* AppDelegate.swift in Sources */,
			);
			runOnlyForDeploymentPostprocessing = 0;
		};
/* End PBXSourcesBuildPhase section */

/* Begin PBXVariantGroup section */
		FAC8F4B22150C9FC00BBE54E /* Main.storyboard */ = {
			isa = PBXVariantGroup;
			children = (
				FAC8F4B32150C9FC00BBE54E /* Base */,
			);
			name = Main.storyboard;
			sourceTree = "<group>";
		};
		FAC8F4B72150C9FD00BBE54E /* LaunchScreen.storyboard */ = {
			isa = PBXVariantGroup;
			children = (
				FAC8F4B82150C9FD00BBE54E /* Base */,
			);
			name = LaunchScreen.storyboard;
			sourceTree = "<group>";
		};
/* End PBXVariantGroup section */

/* Begin XCBuildConfiguration section */
		FAC8F4BB2150C9FD00BBE54E /* Debug */ = {
			isa = XCBuildConfiguration;
			buildSettings = {
				ALWAYS_SEARCH_USER_PATHS = NO;
				CLANG_ANALYZER_NONNULL = YES;
				CLANG_ANALYZER_NUMBER_OBJECT_CONVERSION = YES_AGGRESSIVE;
				CLANG_CXX_LANGUAGE_STANDARD = "gnu++14";
				CLANG_CXX_LIBRARY = "libc++";
				CLANG_ENABLE_MODULES = YES;
				CLANG_ENABLE_OBJC_ARC = YES;
				CLANG_ENABLE_OBJC_WEAK = YES;
				CLANG_WARN_BLOCK_CAPTURE_AUTORELEASING = YES;
				CLANG_WARN_BOOL_CONVERSION = YES;
				CLANG_WARN_COMMA = YES;
				CLANG_WARN_CONSTANT_CONVERSION = YES;
				CLANG_WARN_DEPRECATED_OBJC_IMPLEMENTATIONS = YES;
				CLANG_WARN_DIRECT_OBJC_ISA_USAGE = YES_ERROR;
				CLANG_WARN_DOCUMENTATION_COMMENTS = YES;
				CLANG_WARN_EMPTY_BODY = YES;
				CLANG_WARN_ENUM_CONVERSION = YES;
				CLANG_WARN_INFINITE_RECURSION = YES;
				CLANG_WARN_INT_CONVERSION = YES;
				CLANG_WARN_NON_LITERAL_NULL_CONVERSION = YES;
				CLANG_WARN_OBJC_IMPLICIT_RETAIN_SELF = YES;
				CLANG_WARN_OBJC_LITERAL_CONVERSION = YES;
				CLANG_WARN_OBJC_ROOT_CLASS = YES_ERROR;
				CLANG_WARN_RANGE_LOOP_ANALYSIS = YES;
				CLANG_WARN_STRICT_PROTOTYPES = YES;
				CLANG_WARN_SUSPICIOUS_MOVE = YES;
				CLANG_WARN_UNGUARDED_AVAILABILITY = YES_AGGRESSIVE;
				CLANG_WARN_UNREACHABLE_CODE = YES;
				CLANG_WARN__DUPLICATE_METHOD_MATCH = YES;
				CODE_SIGN_IDENTITY = "iPhone Developer";
				COPY_PHASE_STRIP = NO;
				DEBUG_INFORMATION_FORMAT = dwarf;
				ENABLE_STRICT_OBJC_MSGSEND = YES;
				ENABLE_TESTABILITY = YES;
				GCC_C_LANGUAGE_STANDARD = gnu11;
				GCC_DYNAMIC_NO_PIC = NO;
				GCC_NO_COMMON_BLOCKS = YES;
				GCC_OPTIMIZATION_LEVEL = 0;
				GCC_PREPROCESSOR_DEFINITIONS = (
					"DEBUG=1",
					"$(inherited)",
				);
				GCC_WARN_64_TO_32_BIT_CONVERSION = YES;
				GCC_WARN_ABOUT_RETURN_TYPE = YES_ERROR;
				GCC_WARN_UNDECLARED_SELECTOR = YES;
				GCC_WARN_UNINITIALIZED_AUTOS = YES_AGGRESSIVE;
				GCC_WARN_UNUSED_FUNCTION = YES;
				GCC_WARN_UNUSED_VARIABLE = YES;
				IPHONEOS_DEPLOYMENT_TARGET = 11.4;
				MTL_ENABLE_DEBUG_INFO = YES;
				ONLY_ACTIVE_ARCH = YES;
				SDKROOT = iphoneos;
				SWIFT_ACTIVE_COMPILATION_CONDITIONS = DEBUG;
				SWIFT_OPTIMIZATION_LEVEL = "-Onone";
			};
			name = Debug;
		};
		FAC8F4BC2150C9FD00BBE54E /* Release */ = {
			isa = XCBuildConfiguration;
			buildSettings = {
				ALWAYS_SEARCH_USER_PATHS = NO;
				CLANG_ANALYZER_NONNULL = YES;
				CLANG_ANALYZER_NUMBER_OBJECT_CONVERSION = YES_AGGRESSIVE;
				CLANG_CXX_LANGUAGE_STANDARD = "gnu++14";
				CLANG_CXX_LIBRARY = "libc++";
				CLANG_ENABLE_MODULES = YES;
				CLANG_ENABLE_OBJC_ARC = YES;
				CLANG_ENABLE_OBJC_WEAK = YES;
				CLANG_WARN_BLOCK_CAPTURE_AUTORELEASING = YES;
				CLANG_WARN_BOOL_CONVERSION = YES;
				CLANG_WARN_COMMA = YES;
				CLANG_WARN_CONSTANT_CONVERSION = YES;
				CLANG_WARN_DEPRECATED_OBJC_IMPLEMENTATIONS = YES;
				CLANG_WARN_DIRECT_OBJC_ISA_USAGE = YES_ERROR;
				CLANG_WARN_DOCUMENTATION_COMMENTS = YES;
				CLANG_WARN_EMPTY_BODY = YES;
				CLANG_WARN_ENUM_CONVERSION = YES;
				CLANG_WARN_INFINITE_RECURSION = YES;
				CLANG_WARN_INT_CONVERSION = YES;
				CLANG_WARN_NON_LITERAL_NULL_CONVERSION = YES;
				CLANG_WARN_OBJC_IMPLICIT_RETAIN_SELF = YES;
				CLANG_WARN_OBJC_LITERAL_CONVERSION = YES;
				CLANG_WARN_OBJC_ROOT_CLASS = YES_ERROR;
				CLANG_WARN_RANGE_LOOP_ANALYSIS = YES;
				CLANG_WARN_STRICT_PROTOTYPES = YES;
				CLANG_WARN_SUSPICIOUS_MOVE = YES;
				CLANG_WARN_UNGUARDED_AVAILABILITY = YES_AGGRESSIVE;
				CLANG_WARN_UNREACHABLE_CODE = YES;
				CLANG_WARN__DUPLICATE_METHOD_MATCH = YES;
				CODE_SIGN_IDENTITY = "iPhone Developer";
				COPY_PHASE_STRIP = NO;
				DEBUG_INFORMATION_FORMAT = "dwarf-with-dsym";
				ENABLE_NS_ASSERTIONS = NO;
				ENABLE_STRICT_OBJC_MSGSEND = YES;
				GCC_C_LANGUAGE_STANDARD = gnu11;
				GCC_NO_COMMON_BLOCKS = YES;
				GCC_WARN_64_TO_32_BIT_CONVERSION = YES;
				GCC_WARN_ABOUT_RETURN_TYPE = YES_ERROR;
				GCC_WARN_UNDECLARED_SELECTOR = YES;
				GCC_WARN_UNINITIALIZED_AUTOS = YES_AGGRESSIVE;
				GCC_WARN_UNUSED_FUNCTION = YES;
				GCC_WARN_UNUSED_VARIABLE = YES;
				IPHONEOS_DEPLOYMENT_TARGET = 11.4;
				MTL_ENABLE_DEBUG_INFO = NO;
				SDKROOT = iphoneos;
				SWIFT_COMPILATION_MODE = wholemodule;
				SWIFT_OPTIMIZATION_LEVEL = "-O";
				VALIDATE_PRODUCT = YES;
			};
			name = Release;
		};
		FAC8F4BE2150C9FD00BBE54E /* Debug */ = {
			isa = XCBuildConfiguration;
			buildSettings = {
				ASSETCATALOG_COMPILER_APPICON_NAME = AppIcon;
				CODE_SIGN_STYLE = Automatic;
				DEVELOPMENT_TEAM = AD5MK6B747;
				INFOPLIST_FILE = Carsworld/Info.plist;
				LD_RUNPATH_SEARCH_PATHS = (
					"$(inherited)",
					"@executable_path/Frameworks",
				);
				PRODUCT_BUNDLE_IDENTIFIER = carsworld.indonesia.Carsworld;
				PRODUCT_NAME = "$(TARGET_NAME)";
				SWIFT_VERSION = 4.0;
				TARGETED_DEVICE_FAMILY = "1,2";
			};
			name = Debug;
		};
		FAC8F4BF2150C9FD00BBE54E /* Release */ = {
			isa = XCBuildConfiguration;
			buildSettings = {
				ASSETCATALOG_COMPILER_APPICON_NAME = AppIcon;
				CODE_SIGN_STYLE = Automatic;
				DEVELOPMENT_TEAM = AD5MK6B747;
				INFOPLIST_FILE = Carsworld/Info.plist;
				LD_RUNPATH_SEARCH_PATHS = (
					"$(inherited)",
					"@executable_path/Frameworks",
				);
				PRODUCT_BUNDLE_IDENTIFIER = carsworld.indonesia.Carsworld;
				PRODUCT_NAME = "$(TARGET_NAME)";
				SWIFT_VERSION = 4.0;
				TARGETED_DEVICE_FAMILY = "1,2";
			};
			name = Release;
		};
/* End XCBuildConfiguration section */

/* Begin XCConfigurationList section */
		FAC8F4A62150C9FC00BBE54E /* Build configuration list for PBXProject "Carsworld" */ = {
			isa = XCConfigurationList;
			buildConfigurations = (
				FAC8F4BB2150C9FD00BBE54E /* Debug */,
				FAC8F4BC2150C9FD00BBE54E /* Release */,
			);
			defaultConfigurationIsVisible = 0;
			defaultConfigurationName = Release;
		};
		FAC8F4BD2150C9FD00BBE54E /* Build configuration list for PBXNativeTarget "Carsworld" */ = {
			isa = XCConfigurationList;
			buildConfigurations = (
				FAC8F4BE2150C9FD00BBE54E /* Debug */,
				FAC8F4BF2150C9FD00BBE54E /* Release */,
			);
			defaultConfigurationIsVisible = 0;
			defaultConfigurationName = Release;
		};
/* End XCConfigurationList section */
	};
	rootObject = FAC8F4A32150C9FC00BBE54E /* Project object */;
}
